dependencies:
- name: postgresql
  repository: oci://ghcr.io/georchestra/bitnami-helm-charts
  version: 15.5.2
- name: rabbitmq
  repository: oci://ghcr.io/georchestra/bitnami-helm-charts
  version: 14.4.0
digest: sha256:ccc78c2bf311b8d0fa8045bc0554e01ffaf52bd4bb9aaf7fefada5543055d464
generated: "2025-09-01T11:05:34.650331473+02:00"
