dependencies:
- name: postgresql
  repository: oci://registry-1.docker.io/bitnamichartslegacy
  version: 16.7.26
- name: rabbitmq
  repository: oci://registry-1.docker.io/bitnamichartslegacy
  version: 14.4.0
digest: sha256:f9d1b495196c9dcb51232d757d90c27434c50255359b1a1aa05a551d22075014
generated: "2025-08-25T01:21:26.289636949Z"
