dependencies:
- name: postgresql
  repository: oci://registry-1.docker.io/bitnamichartslegacy
  version: 15.5.2
- name: rabbitmq
  repository: oci://registry-1.docker.io/bitnamichartslegacy
  version: 16.0.13
digest: sha256:092207e5ea142948377d5d131fd0d5f95a67dd0a9228618ddd629b29d9cda5ab
generated: "2025-08-25T01:21:17.176340203Z"
